// !$*UTF8*$!
{
	archiveVersion = 1;
	classes = {
	};
	objectVersion = 50;
	objects = {

/* Begin PBXBuildFile section */
		2EB496902111B08400AA219E /* JFormModel.m in Sources */ = {isa = PBXBuildFile; fileRef = 2EB4968F2111B08400AA219E /* JFormModel.m */; };
		2EF1204821019C6400DDDC9D /* AppDelegate.m in Sources */ = {isa = PBXBuildFile; fileRef = 2EF1204721019C6400DDDC9D /* AppDelegate.m */; };
		2EF1204B21019C6400DDDC9D /* ViewController.m in Sources */ = {isa = PBXBuildFile; fileRef = 2EF1204A21019C6400DDDC9D /* ViewController.m */; };
		2EF1204E21019C6400DDDC9D /* Main.storyboard in Resources */ = {isa = PBXBuildFile; fileRef = 2EF1204C21019C6400DDDC9D /* Main.storyboard */; };
		2EF1205021019C6600DDDC9D /* Assets.xcassets in Resources */ = {isa = PBXBuildFile; fileRef = 2EF1204F21019C6600DDDC9D /* Assets.xcassets */; };
		2EF1205321019C6600DDDC9D /* LaunchScreen.storyboard in Resources */ = {isa = PBXBuildFile; fileRef = 2EF1205121019C6600DDDC9D /* LaunchScreen.storyboard */; };
		2EF1205621019C6600DDDC9D /* main.m in Sources */ = {isa = PBXBuildFile; fileRef = 2EF1205521019C6600DDDC9D /* main.m */; };
		2EF1206021019C6600DDDC9D /* Form_iOSTests.m in Sources */ = {isa = PBXBuildFile; fileRef = 2EF1205F21019C6600DDDC9D /* Form_iOSTests.m */; };
		2EF1206B21019C6600DDDC9D /* Form_iOSUITests.m in Sources */ = {isa = PBXBuildFile; fileRef = 2EF1206A21019C6600DDDC9D /* Form_iOSUITests.m */; };
/* End PBXBuildFile section */

/* Begin PBXContainerItemProxy section */
		2EF1205C21019C6600DDDC9D /* PBXContainerItemProxy */ = {
			isa = PBXContainerItemProxy;
			containerPortal = 2EF1203B21019C6300DDDC9D /* Project object */;
			proxyType = 1;
			remoteGlobalIDString = 2EF1204221019C6400DDDC9D;
			remoteInfo = "Form-iOS";
		};
		2EF1206721019C6600DDDC9D /* PBXContainerItemProxy */ = {
			isa = PBXContainerItemProxy;
			containerPortal = 2EF1203B21019C6300DDDC9D /* Project object */;
			proxyType = 1;
			remoteGlobalIDString = 2EF1204221019C6400DDDC9D;
			remoteInfo = "Form-iOS";
		};
/* End PBXContainerItemProxy section */

/* Begin PBXFileReference section */
		2EB4968E2111B08400AA219E /* JFormModel.h */ = {isa = PBXFileReference; lastKnownFileType = sourcecode.c.h; path = JFormModel.h; sourceTree = "<group>"; };
		2EB4968F2111B08400AA219E /* JFormModel.m */ = {isa = PBXFileReference; lastKnownFileType = sourcecode.c.objc; path = JFormModel.m; sourceTree = "<group>"; };
		2EF1204321019C6400DDDC9D /* Form-iOS.app */ = {isa = PBXFileReference; explicitFileType = wrapper.application; includeInIndex = 0; path = "Form-iOS.app"; sourceTree = BUILT_PRODUCTS_DIR; };
		2EF1204621019C6400DDDC9D /* AppDelegate.h */ = {isa = PBXFileReference; lastKnownFileType = sourcecode.c.h; path = AppDelegate.h; sourceTree = "<group>"; };
		2EF1204721019C6400DDDC9D /* AppDelegate.m */ = {isa = PBXFileReference; lastKnownFileType = sourcecode.c.objc; path = AppDelegate.m; sourceTree = "<group>"; };
		2EF1204921019C6400DDDC9D /* ViewController.h */ = {isa = PBXFileReference; lastKnownFileType = sourcecode.c.h; path = ViewController.h; sourceTree = "<group>"; };
		2EF1204A21019C6400DDDC9D /* ViewController.m */ = {isa = PBXFileReference; lastKnownFileType = sourcecode.c.objc; path = ViewController.m; sourceTree = "<group>"; };
		2EF1204D21019C6400DDDC9D /* Base */ = {isa = PBXFileReference; lastKnownFileType = file.storyboard; name = Base; path = Base.lproj/Main.storyboard; sourceTree = "<group>"; };
		2EF1204F21019C6600DDDC9D /* Assets.xcassets */ = {isa = PBXFileReference; lastKnownFileType = folder.assetcatalog; path = Assets.xcassets; sourceTree = "<group>"; };
		2EF1205221019C6600DDDC9D /* Base */ = {isa = PBXFileReference; lastKnownFileType = file.storyboard; name = Base; path = Base.lproj/LaunchScreen.storyboard; sourceTree = "<group>"; };
		2EF1205421019C6600DDDC9D /* Info.plist */ = {isa = PBXFileReference; lastKnownFileType = text.plist.xml; path = Info.plist; sourceTree = "<group>"; };
		2EF1205521019C6600DDDC9D /* main.m */ = {isa = PBXFileReference; lastKnownFileType = sourcecode.c.objc; path = main.m; sourceTree = "<group>"; };
		2EF1205B21019C6600DDDC9D /* Form-iOSTests.xctest */ = {isa = PBXFileReference; explicitFileType = wrapper.cfbundle; includeInIndex = 0; path = "Form-iOSTests.xctest"; sourceTree = BUILT_PRODUCTS_DIR; };
		2EF1205F21019C6600DDDC9D /* Form_iOSTests.m */ = {isa = PBXFileReference; lastKnownFileType = sourcecode.c.objc; path = Form_iOSTests.m; sourceTree = "<group>"; };
		2EF1206121019C6600DDDC9D /* Info.plist */ = {isa = PBXFileReference; lastKnownFileType = text.plist.xml; path = Info.plist; sourceTree = "<group>"; };
		2EF1206621019C6600DDDC9D /* Form-iOSUITests.xctest */ = {isa = PBXFileReference; explicitFileType = wrapper.cfbundle; includeInIndex = 0; path = "Form-iOSUITests.xctest"; sourceTree = BUILT_PRODUCTS_DIR; };
		2EF1206A21019C6600DDDC9D /* Form_iOSUITests.m */ = {isa = PBXFileReference; lastKnownFileType = sourcecode.c.objc; path = Form_iOSUITests.m; sourceTree = "<group>"; };
		2EF1206C21019C6600DDDC9D /* Info.plist */ = {isa = PBXFileReference; lastKnownFileType = text.plist.xml; path = Info.plist; sourceTree = "<group>"; };
/* End PBXFileReference section */

/* Begin PBXFrameworksBuildPhase section */
		2EF1204021019C6400DDDC9D /* Frameworks */ = {
			isa = PBXFrameworksBuildPhase;
			buildActionMask = 2147483647;
			files = (
			);
			runOnlyForDeploymentPostprocessing = 0;
		};
		2EF1205821019C6600DDDC9D /* Frameworks */ = {
			isa = PBXFrameworksBuildPhase;
			buildActionMask = 2147483647;
			files = (
			);
			runOnlyForDeploymentPostprocessing = 0;
		};
		2EF1206321019C6600DDDC9D /* Frameworks */ = {
			isa = PBXFrameworksBuildPhase;
			buildActionMask = 2147483647;
			files = (
			);
			runOnlyForDeploymentPostprocessing = 0;
		};
/* End PBXFrameworksBuildPhase section */

/* Begin PBXGroup section */
		2E09798F2109B88E003856EC /* Src */ = {
			isa = PBXGroup;
			children = (
				2EB4968E2111B08400AA219E /* JFormModel.h */,
				2EB4968F2111B08400AA219E /* JFormModel.m */,
			);
			path = Src;
			sourceTree = "<group>";
		};
		2EF1203A21019C6300DDDC9D = {
			isa = PBXGroup;
			children = (
				2E09798F2109B88E003856EC /* Src */,
				2EF1204521019C6400DDDC9D /* Form-iOS */,
				2EF1205E21019C6600DDDC9D /* Form-iOSTests */,
				2EF1206921019C6600DDDC9D /* Form-iOSUITests */,
				2EF1204421019C6400DDDC9D /* Products */,
			);
			sourceTree = "<group>";
		};
		2EF1204421019C6400DDDC9D /* Products */ = {
			isa = PBXGroup;
			children = (
				2EF1204321019C6400DDDC9D /* Form-iOS.app */,
				2EF1205B21019C6600DDDC9D /* Form-iOSTests.xctest */,
				2EF1206621019C6600DDDC9D /* Form-iOSUITests.xctest */,
			);
			name = Products;
			sourceTree = "<group>";
		};
		2EF1204521019C6400DDDC9D /* Form-iOS */ = {
			isa = PBXGroup;
			children = (
				2EF1204621019C6400DDDC9D /* AppDelegate.h */,
				2EF1204721019C6400DDDC9D /* AppDelegate.m */,
				2EF1204921019C6400DDDC9D /* ViewController.h */,
				2EF1204A21019C6400DDDC9D /* ViewController.m */,
				2EF1204C21019C6400DDDC9D /* Main.storyboard */,
				2EF1204F21019C6600DDDC9D /* Assets.xcassets */,
				2EF1205121019C6600DDDC9D /* LaunchScreen.storyboard */,
				2EF1205421019C6600DDDC9D /* Info.plist */,
				2EF1205521019C6600DDDC9D /* main.m */,
			);
			path = "Form-iOS";
			sourceTree = "<group>";
		};
		2EF1205E21019C6600DDDC9D /* Form-iOSTests */ = {
			isa = PBXGroup;
			children = (
				2EF1205F21019C6600DDDC9D /* Form_iOSTests.m */,
				2EF1206121019C6600DDDC9D /* Info.plist */,
			);
			path = "Form-iOSTests";
			sourceTree = "<group>";
		};
		2EF1206921019C6600DDDC9D /* Form-iOSUITests */ = {
			isa = PBXGroup;
			children = (
				2EF1206A21019C6600DDDC9D /* Form_iOSUITests.m */,
				2EF1206C21019C6600DDDC9D /* Info.plist */,
			);
			path = "Form-iOSUITests";
			sourceTree = "<group>";
		};
/* End PBXGroup section */

/* Begin PBXNativeTarget section */
		2EF1204221019C6400DDDC9D /* Form-iOS */ = {
			isa = PBXNativeTarget;
			buildConfigurationList = 2EF1206F21019C6600DDDC9D /* Build configuration list for PBXNativeTarget "Form-iOS" */;
			buildPhases = (
				2EF1203F21019C6400DDDC9D /* Sources */,
				2EF1204021019C6400DDDC9D /* Frameworks */,
				2EF1204121019C6400DDDC9D /* Resources */,
			);
			buildRules = (
			);
			dependencies = (
			);
			name = "Form-iOS";
			productName = "Form-iOS";
			productReference = 2EF1204321019C6400DDDC9D /* Form-iOS.app */;
			productType = "com.apple.product-type.application";
		};
		2EF1205A21019C6600DDDC9D /* Form-iOSTests */ = {
			isa = PBXNativeTarget;
			buildConfigurationList = 2EF1207221019C6600DDDC9D /* Build configuration list for PBXNativeTarget "Form-iOSTests" */;
			buildPhases = (
				2EF1205721019C6600DDDC9D /* Sources */,
				2EF1205821019C6600DDDC9D /* Frameworks */,
				2EF1205921019C6600DDDC9D /* Resources */,
			);
			buildRules = (
			);
			dependencies = (
				2EF1205D21019C6600DDDC9D /* PBXTargetDependency */,
			);
			name = "Form-iOSTests";
			productName = "Form-iOSTests";
			productReference = 2EF1205B21019C6600DDDC9D /* Form-iOSTests.xctest */;
			productType = "com.apple.product-type.bundle.unit-test";
		};
		2EF1206521019C6600DDDC9D /* Form-iOSUITests */ = {
			isa = PBXNativeTarget;
			buildConfigurationList = 2EF1207521019C6600DDDC9D /* Build configuration list for PBXNativeTarget "Form-iOSUITests" */;
			buildPhases = (
				2EF1206221019C6600DDDC9D /* Sources */,
				2EF1206321019C6600DDDC9D /* Frameworks */,
				2EF1206421019C6600DDDC9D /* Resources */,
			);
			buildRules = (
			);
			dependencies = (
				2EF1206821019C6600DDDC9D /* PBXTargetDependency */,
			);
			name = "Form-iOSUITests";
			productName = "Form-iOSUITests";
			productReference = 2EF1206621019C6600DDDC9D /* Form-iOSUITests.xctest */;
			productType = "com.apple.product-type.bundle.ui-testing";
		};
/* End PBXNativeTarget section */

/* Begin PBXProject section */
		2EF1203B21019C6300DDDC9D /* Project object */ = {
			isa = PBXProject;
			attributes = {
				LastUpgradeCheck = 0940;
				ORGANIZATIONNAME = AllanCai;
				TargetAttributes = {
					2EF1204221019C6400DDDC9D = {
						CreatedOnToolsVersion = 9.4;
					};
					2EF1205A21019C6600DDDC9D = {
						CreatedOnToolsVersion = 9.4;
						TestTargetID = 2EF1204221019C6400DDDC9D;
					};
					2EF1206521019C6600DDDC9D = {
						CreatedOnToolsVersion = 9.4;
						TestTargetID = 2EF1204221019C6400DDDC9D;
					};
				};
			};
			buildConfigurationList = 2EF1203E21019C6300DDDC9D /* Build configuration list for PBXProject "Form-iOS" */;
			compatibilityVersion = "Xcode 9.3";
			developmentRegion = en;
			hasScannedForEncodings = 0;
			knownRegions = (
				en,
				Base,
			);
			mainGroup = 2EF1203A21019C6300DDDC9D;
			productRefGroup = 2EF1204421019C6400DDDC9D /* Products */;
			projectDirPath = "";
			projectRoot = "";
			targets = (
				2EF1204221019C6400DDDC9D /* Form-iOS */,
				2EF1205A21019C6600DDDC9D /* Form-iOSTests */,
				2EF1206521019C6600DDDC9D /* Form-iOSUITests */,
			);
		};
/* End PBXProject section */

/* Begin PBXResourcesBuildPhase section */
		2EF1204121019C6400DDDC9D /* Resources */ = {
			isa = PBXResourcesBuildPhase;
			buildActionMask = 2147483647;
			files = (
				2EF1205321019C6600DDDC9D /* LaunchScreen.storyboard in Resources */,
				2EF1205021019C6600DDDC9D /* Assets.xcassets in Resources */,
				2EF1204E21019C6400DDDC9D /* Main.storyboard in Resources */,
			);
			runOnlyForDeploymentPostprocessing = 0;
		};
		2EF1205921019C6600DDDC9D /* Resources */ = {
			isa = PBXResourcesBuildPhase;
			buildActionMask = 2147483647;
			files = (
			);
			runOnlyForDeploymentPostprocessing = 0;
		};
		2EF1206421019C6600DDDC9D /* Resources */ = {
			isa = PBXResourcesBuildPhase;
			buildActionMask = 2147483647;
			files = (
			);
			runOnlyForDeploymentPostprocessing = 0;
		};
/* End PBXResourcesBuildPhase section */

/* Begin PBXSourcesBuildPhase section */
		2EF1203F21019C6400DDDC9D /* Sources */ = {
			isa = PBXSourcesBuildPhase;
			buildActionMask = 2147483647;
			files = (
				2EF1204B21019C6400DDDC9D /* ViewController.m in Sources */,
				2EF1205621019C6600DDDC9D /* main.m in Sources */,
				2EB496902111B08400AA219E /* JFormModel.m in Sources */,
				2EF1204821019C6400DDDC9D /* AppDelegate.m in Sources */,
			);
			runOnlyForDeploymentPostprocessing = 0;
		};
		2EF1205721019C6600DDDC9D /* Sources */ = {
			isa = PBXSourcesBuildPhase;
			buildActionMask = 2147483647;
			files = (
				2EF1206021019C6600DDDC9D /* Form_iOSTests.m in Sources */,
			);
			runOnlyForDeploymentPostprocessing = 0;
		};
		2EF1206221019C6600DDDC9D /* Sources */ = {
			isa = PBXSourcesBuildPhase;
			buildActionMask = 2147483647;
			files = (
				2EF1206B21019C6600DDDC9D /* Form_iOSUITests.m in Sources */,
			);
			runOnlyForDeploymentPostprocessing = 0;
		};
/* End PBXSourcesBuildPhase section */

/* Begin PBXTargetDependency section */
		2EF1205D21019C6600DDDC9D /* PBXTargetDependency */ = {
			isa = PBXTargetDependency;
			target = 2EF1204221019C6400DDDC9D /* Form-iOS */;
			targetProxy = 2EF1205C21019C6600DDDC9D /* PBXContainerItemProxy */;
		};
		2EF1206821019C6600DDDC9D /* PBXTargetDependency */ = {
			isa = PBXTargetDependency;
			target = 2EF1204221019C6400DDDC9D /* Form-iOS */;
			targetProxy = 2EF1206721019C6600DDDC9D /* PBXContainerItemProxy */;
		};
/* End PBXTargetDependency section */

/* Begin PBXVariantGroup section */
		2EF1204C21019C6400DDDC9D /* Main.storyboard */ = {
			isa = PBXVariantGroup;
			children = (
				2EF1204D21019C6400DDDC9D /* Base */,
			);
			name = Main.storyboard;
			sourceTree = "<group>";
		};
		2EF1205121019C6600DDDC9D /* LaunchScreen.storyboard */ = {
			isa = PBXVariantGroup;
			children = (
				2EF1205221019C6600DDDC9D /* Base */,
			);
			name = LaunchScreen.storyboard;
			sourceTree = "<group>";
		};
/* End PBXVariantGroup section */

/* Begin XCBuildConfiguration section */
		2EF1206D21019C6600DDDC9D /* Debug */ = {
			isa = XCBuildConfiguration;
			buildSettings = {
				ALWAYS_SEARCH_USER_PATHS = NO;
				CLANG_ANALYZER_NONNULL = YES;
				CLANG_ANALYZER_NUMBER_OBJECT_CONVERSION = YES_AGGRESSIVE;
				CLANG_CXX_LANGUAGE_STANDARD = "gnu++14";
				CLANG_CXX_LIBRARY = "libc++";
				CLANG_ENABLE_MODULES = YES;
				CLANG_ENABLE_OBJC_ARC = YES;
				CLANG_ENABLE_OBJC_WEAK = YES;
				CLANG_WARN_BLOCK_CAPTURE_AUTORELEASING = YES;
				CLANG_WARN_BOOL_CONVERSION = YES;
				CLANG_WARN_COMMA = YES;
				CLANG_WARN_CONSTANT_CONVERSION = YES;
				CLANG_WARN_DEPRECATED_OBJC_IMPLEMENTATIONS = YES;
				CLANG_WARN_DIRECT_OBJC_ISA_USAGE = YES_ERROR;
				CLANG_WARN_DOCUMENTATION_COMMENTS = YES;
				CLANG_WARN_EMPTY_BODY = YES;
				CLANG_WARN_ENUM_CONVERSION = YES;
				CLANG_WARN_INFINITE_RECURSION = YES;
				CLANG_WARN_INT_CONVERSION = YES;
				CLANG_WARN_NON_LITERAL_NULL_CONVERSION = YES;
				CLANG_WARN_OBJC_IMPLICIT_RETAIN_SELF = YES;
				CLANG_WARN_OBJC_LITERAL_CONVERSION = YES;
				CLANG_WARN_OBJC_ROOT_CLASS = YES_ERROR;
				CLANG_WARN_RANGE_LOOP_ANALYSIS = YES;
				CLANG_WARN_STRICT_PROTOTYPES = YES;
				CLANG_WARN_SUSPICIOUS_MOVE = YES;
				CLANG_WARN_UNGUARDED_AVAILABILITY = YES_AGGRESSIVE;
				CLANG_WARN_UNREACHABLE_CODE = YES;
				CLANG_WARN__DUPLICATE_METHOD_MATCH = YES;
				CODE_SIGN_IDENTITY = "iPhone Developer";
				COPY_PHASE_STRIP = NO;
				DEBUG_INFORMATION_FORMAT = dwarf;
				ENABLE_STRICT_OBJC_MSGSEND = YES;
				ENABLE_TESTABILITY = YES;
				GCC_C_LANGUAGE_STANDARD = gnu11;
				GCC_DYNAMIC_NO_PIC = NO;
				GCC_NO_COMMON_BLOCKS = YES;
				GCC_OPTIMIZATION_LEVEL = 0;
				GCC_PREPROCESSOR_DEFINITIONS = (
					"DEBUG=1",
					"$(inherited)",
				);
				GCC_WARN_64_TO_32_BIT_CONVERSION = YES;
				GCC_WARN_ABOUT_RETURN_TYPE = YES_ERROR;
				GCC_WARN_UNDECLARED_SELECTOR = YES;
				GCC_WARN_UNINITIALIZED_AUTOS = YES_AGGRESSIVE;
				GCC_WARN_UNUSED_FUNCTION = YES;
				GCC_WARN_UNUSED_VARIABLE = YES;
				IPHONEOS_DEPLOYMENT_TARGET = 11.4;
				MTL_ENABLE_DEBUG_INFO = YES;
				ONLY_ACTIVE_ARCH = YES;
				SDKROOT = iphoneos;
			};
			name = Debug;
		};
		2EF1206E21019C6600DDDC9D /* Release */ = {
			isa = XCBuildConfiguration;
			buildSettings = {
				ALWAYS_SEARCH_USER_PATHS = NO;
				CLANG_ANALYZER_NONNULL = YES;
				CLANG_ANALYZER_NUMBER_OBJECT_CONVERSION = YES_AGGRESSIVE;
				CLANG_CXX_LANGUAGE_STANDARD = "gnu++14";
				CLANG_CXX_LIBRARY = "libc++";
				CLANG_ENABLE_MODULES = YES;
				CLANG_ENABLE_OBJC_ARC = YES;
				CLANG_ENABLE_OBJC_WEAK = YES;
				CLANG_WARN_BLOCK_CAPTURE_AUTORELEASING = YES;
				CLANG_WARN_BOOL_CONVERSION = YES;
				CLANG_WARN_COMMA = YES;
				CLANG_WARN_CONSTANT_CONVERSION = YES;
				CLANG_WARN_DEPRECATED_OBJC_IMPLEMENTATIONS = YES;
				CLANG_WARN_DIRECT_OBJC_ISA_USAGE = YES_ERROR;
				CLANG_WARN_DOCUMENTATION_COMMENTS = YES;
				CLANG_WARN_EMPTY_BODY = YES;
				CLANG_WARN_ENUM_CONVERSION = YES;
				CLANG_WARN_INFINITE_RECURSION = YES;
				CLANG_WARN_INT_CONVERSION = YES;
				CLANG_WARN_NON_LITERAL_NULL_CONVERSION = YES;
				CLANG_WARN_OBJC_IMPLICIT_RETAIN_SELF = YES;
				CLANG_WARN_OBJC_LITERAL_CONVERSION = YES;
				CLANG_WARN_OBJC_ROOT_CLASS = YES_ERROR;
				CLANG_WARN_RANGE_LOOP_ANALYSIS = YES;
				CLANG_WARN_STRICT_PROTOTYPES = YES;
				CLANG_WARN_SUSPICIOUS_MOVE = YES;
				CLANG_WARN_UNGUARDED_AVAILABILITY = YES_AGGRESSIVE;
				CLANG_WARN_UNREACHABLE_CODE = YES;
				CLANG_WARN__DUPLICATE_METHOD_MATCH = YES;
				CODE_SIGN_IDENTITY = "iPhone Developer";
				COPY_PHASE_STRIP = NO;
				DEBUG_INFORMATION_FORMAT = "dwarf-with-dsym";
				ENABLE_NS_ASSERTIONS = NO;
				ENABLE_STRICT_OBJC_MSGSEND = YES;
				GCC_C_LANGUAGE_STANDARD = gnu11;
				GCC_NO_COMMON_BLOCKS = YES;
				GCC_WARN_64_TO_32_BIT_CONVERSION = YES;
				GCC_WARN_ABOUT_RETURN_TYPE = YES_ERROR;
				GCC_WARN_UNDECLARED_SELECTOR = YES;
				GCC_WARN_UNINITIALIZED_AUTOS = YES_AGGRESSIVE;
				GCC_WARN_UNUSED_FUNCTION = YES;
				GCC_WARN_UNUSED_VARIABLE = YES;
				IPHONEOS_DEPLOYMENT_TARGET = 11.4;
				MTL_ENABLE_DEBUG_INFO = NO;
				SDKROOT = iphoneos;
				VALIDATE_PRODUCT = YES;
			};
			name = Release;
		};
		2EF1207021019C6600DDDC9D /* Debug */ = {
			isa = XCBuildConfiguration;
			buildSettings = {
				ASSETCATALOG_COMPILER_APPICON_NAME = AppIcon;
				CODE_SIGN_STYLE = Automatic;
				INFOPLIST_FILE = "Form-iOS/Info.plist";
				LD_RUNPATH_SEARCH_PATHS = (
					"$(inherited)",
					"@executable_path/Frameworks",
				);
				PRODUCT_BUNDLE_IDENTIFIER = "com.mljr.Form-iOS";
				PRODUCT_NAME = "$(TARGET_NAME)";
				TARGETED_DEVICE_FAMILY = "1,2";
			};
			name = Debug;
		};
		2EF1207121019C6600DDDC9D /* Release */ = {
			isa = XCBuildConfiguration;
			buildSettings = {
				ASSETCATALOG_COMPILER_APPICON_NAME = AppIcon;
				CODE_SIGN_STYLE = Automatic;
				INFOPLIST_FILE = "Form-iOS/Info.plist";
				LD_RUNPATH_SEARCH_PATHS = (
					"$(inherited)",
					"@executable_path/Frameworks",
				);
				PRODUCT_BUNDLE_IDENTIFIER = "com.mljr.Form-iOS";
				PRODUCT_NAME = "$(TARGET_NAME)";
				TARGETED_DEVICE_FAMILY = "1,2";
			};
			name = Release;
		};
		2EF1207321019C6600DDDC9D /* Debug */ = {
			isa = XCBuildConfiguration;
			buildSettings = {
				BUNDLE_LOADER = "$(TEST_HOST)";
				CODE_SIGN_STYLE = Automatic;
				INFOPLIST_FILE = "Form-iOSTests/Info.plist";
				LD_RUNPATH_SEARCH_PATHS = (
					"$(inherited)",
					"@executable_path/Frameworks",
					"@loader_path/Frameworks",
				);
				PRODUCT_BUNDLE_IDENTIFIER = "com.mljr.Form-iOSTests";
				PRODUCT_NAME = "$(TARGET_NAME)";
				TARGETED_DEVICE_FAMILY = "1,2";
				TEST_HOST = "$(BUILT_PRODUCTS_DIR)/Form-iOS.app/Form-iOS";
			};
			name = Debug;
		};
		2EF1207421019C6600DDDC9D /* Release */ = {
			isa = XCBuildConfiguration;
			buildSettings = {
				BUNDLE_LOADER = "$(TEST_HOST)";
				CODE_SIGN_STYLE = Automatic;
				INFOPLIST_FILE = "Form-iOSTests/Info.plist";
				LD_RUNPATH_SEARCH_PATHS = (
					"$(inherited)",
					"@executable_path/Frameworks",
					"@loader_path/Frameworks",
				);
				PRODUCT_BUNDLE_IDENTIFIER = "com.mljr.Form-iOSTests";
				PRODUCT_NAME = "$(TARGET_NAME)";
				TARGETED_DEVICE_FAMILY = "1,2";
				TEST_HOST = "$(BUILT_PRODUCTS_DIR)/Form-iOS.app/Form-iOS";
			};
			name = Release;
		};
		2EF1207621019C6600DDDC9D /* Debug */ = {
			isa = XCBuildConfiguration;
			buildSettings = {
				CODE_SIGN_STYLE = Automatic;
				INFOPLIST_FILE = "Form-iOSUITests/Info.plist";
				LD_RUNPATH_SEARCH_PATHS = (
					"$(inherited)",
					"@executable_path/Frameworks",
					"@loader_path/Frameworks",
				);
				PRODUCT_BUNDLE_IDENTIFIER = "com.mljr.Form-iOSUITests";
				PRODUCT_NAME = "$(TARGET_NAME)";
				TARGETED_DEVICE_FAMILY = "1,2";
				TEST_TARGET_NAME = "Form-iOS";
			};
			name = Debug;
		};
		2EF1207721019C6600DDDC9D /* Release */ = {
			isa = XCBuildConfiguration;
			buildSettings = {
				CODE_SIGN_STYLE = Automatic;
				INFOPLIST_FILE = "Form-iOSUITests/Info.plist";
				LD_RUNPATH_SEARCH_PATHS = (
					"$(inherited)",
					"@executable_path/Frameworks",
					"@loader_path/Frameworks",
				);
				PRODUCT_BUNDLE_IDENTIFIER = "com.mljr.Form-iOSUITests";
				PRODUCT_NAME = "$(TARGET_NAME)";
				TARGETED_DEVICE_FAMILY = "1,2";
				TEST_TARGET_NAME = "Form-iOS";
			};
			name = Release;
		};
/* End XCBuildConfiguration section */

/* Begin XCConfigurationList section */
		2EF1203E21019C6300DDDC9D /* Build configuration list for PBXProject "Form-iOS" */ = {
			isa = XCConfigurationList;
			buildConfigurations = (
				2EF1206D21019C6600DDDC9D /* Debug */,
				2EF1206E21019C6600DDDC9D /* Release */,
			);
			defaultConfigurationIsVisible = 0;
			defaultConfigurationName = Release;
		};
		2EF1206F21019C6600DDDC9D /* Build configuration list for PBXNativeTarget "Form-iOS" */ = {
			isa = XCConfigurationList;
			buildConfigurations = (
				2EF1207021019C6600DDDC9D /* Debug */,
				2EF1207121019C6600DDDC9D /* Release */,
			);
			defaultConfigurationIsVisible = 0;
			defaultConfigurationName = Release;
		};
		2EF1207221019C6600DDDC9D /* Build configuration list for PBXNativeTarget "Form-iOSTests" */ = {
			isa = XCConfigurationList;
			buildConfigurations = (
				2EF1207321019C6600DDDC9D /* Debug */,
				2EF1207421019C6600DDDC9D /* Release */,
			);
			defaultConfigurationIsVisible = 0;
			defaultConfigurationName = Release;
		};
		2EF1207521019C6600DDDC9D /* Build configuration list for PBXNativeTarget "Form-iOSUITests" */ = {
			isa = XCConfigurationList;
			buildConfigurations = (
				2EF1207621019C6600DDDC9D /* Debug */,
				2EF1207721019C6600DDDC9D /* Release */,
			);
			defaultConfigurationIsVisible = 0;
			defaultConfigurationName = Release;
		};
/* End XCConfigurationList section */
	};
	rootObject = 2EF1203B21019C6300DDDC9D /* Project object */;
}
